
Microsoft Visual Studio Solution File, Format Version 12.00
# Visual Studio Version 16
VisualStudioVersion = 16.0.30517.126
MinimumVisualStudioVersion = 10.0.40219.1
Project("{9A19103F-16F7-4668-BE54-9A1E7A4F7556}") = "main_CarM8", "main_CarM8.csproj", "{A6451AE3-2F09-40DD-A983-E3626B2DAB08}"
EndProject
Global
	GlobalSection(SolutionConfigurationPlatforms) = preSolution
		Debug|Any CPU = Debug|Any CPU
		Release|Any CPU = Release|Any CPU
	EndGlobalSection
	GlobalSection(ProjectConfigurationPlatforms) = postSolution
		{A6451AE3-2F09-40DD-A983-E3626B2DAB08}.Debug|Any CPU.ActiveCfg = Debug|Any CPU
		{A6451AE3-2F09-40DD-A983-E3626B2DAB08}.Debug|Any CPU.Build.0 = Debug|Any CPU
		{A6451AE3-2F09-40DD-A983-E3626B2DAB08}.Release|Any CPU.ActiveCfg = Release|Any CPU
		{A6451AE3-2F09-40DD-A983-E3626B2DAB08}.Release|Any CPU.Build.0 = Release|Any CPU
	EndGlobalSection
	GlobalSection(SolutionProperties) = preSolution
		HideSolutionNode = FALSE
	EndGlobalSection
	GlobalSection(ExtensibilityGlobals) = postSolution
		SolutionGuid = {170EB661-DC27-426E-A9F5-7865662D7BA4}
	EndGlobalSection
EndGlobal
